{
  "nodes": {
    "nixpkgs": {
      "locked": {
        "lastModified": 1677578273,
        "narHash": "sha256-YQBqz7mByGREPYHL5i9A8smYYY2wtMQflqP2hR+bPlw=",
        "owner": "nixos",
        "repo": "nixpkgs",
        "rev": "52fcee1ab376479ac5eaf1ca62eeb659272008f0",
        "type": "github"
      },
      "original": {
        "owner": "nixos",
        "repo": "nixpkgs",
        "type": "github"
      }
    },
    "root": {
      "inputs": {
        "nixpkgs": "nixpkgs",
        "src-block": "src-block"
      }
    },
    "src-block": {
      "inputs": {
        "nixpkgs": [
          "nixpkgs"
        ]
      },
      "locked": {
        "lastModified": 1651408718,
        "narHash": "sha256-YYOqR4AobnHaRZrbeMG21rZN9Iv6pt5lPc9SkOBqFyM=",
        "owner": "icetan",
        "repo": "src-block",
        "rev": "e81feb12a82a99a2e6334752038ad2a167e1f6e8",
        "type": "github"
      },
      "original": {
        "owner": "icetan",
        "repo": "src-block",
        "type": "github"
      }
    }
  },
  "root": "root",
  "version": 7
}
