{
  "nodes": {
    "nixpkgs": {
      "locked": {
        "lastModified": 1651148678,
        "narHash": "sha256-gce3uVIxQsSjXR1Ws3NbG43edPOzz+J/M+CPMHZLI08=",
        "owner": "nixos",
        "repo": "nixpkgs",
        "rev": "4ae168415d8dfacec29f0e64c516461c773212a8",
        "type": "github"
      },
      "original": {
        "owner": "nixos",
        "repo": "nixpkgs",
        "type": "github"
      }
    },
    "root": {
      "inputs": {
        "nixpkgs": "nixpkgs",
        "src-block": "src-block"
      }
    },
    "src-block": {
      "inputs": {
        "nixpkgs": [
          "nixpkgs"
        ]
      },
      "locked": {
        "lastModified": 1651408718,
        "narHash": "sha256-YYOqR4AobnHaRZrbeMG21rZN9Iv6pt5lPc9SkOBqFyM=",
        "owner": "icetan",
        "repo": "src-block",
        "rev": "e81feb12a82a99a2e6334752038ad2a167e1f6e8",
        "type": "github"
      },
      "original": {
        "owner": "icetan",
        "repo": "src-block",
        "type": "github"
      }
    }
  },
  "root": "root",
  "version": 7
}
